
Microsoft Visual Studio Solution File, Format Version 12.00
Project("{FAE04EC0-301F-11D3-BF4B-00C04F79EFBC}") = "OnlineShop.HttpApiClient", "OnlineShop.HttpApiClient\OnlineShop.HttpApiClient.csproj", "{FE73CD43-F975-4BC6-AE64-856FDF7D44F5}"
EndProject
Project("{FAE04EC0-301F-11D3-BF4B-00C04F79EFBC}") = "OnlineShop.Models", "OnlineShop.Models\OnlineShop.Models.csproj", "{44A3CAE2-195A-4597-BD13-0177C0219653}"
EndProject
Project("{FAE04EC0-301F-11D3-BF4B-00C04F79EFBC}") = "OnlineShop.WebApi", "OnlineShop.WebApi\OnlineShop.WebApi.csproj", "{C7568547-7EFE-4AD0-A901-416248E6F3F9}"
EndProject
Project("{FAE04EC0-301F-11D3-BF4B-00C04F79EFBC}") = "OnlineShop.BlazorClient", "OnlineShop.BlazorClient\OnlineShop.BlazorClient.csproj", "{49FB2D3A-F4AB-4586-A53C-AE07C0C841D3}"
EndProject
Project("{FAE04EC0-301F-11D3-BF4B-00C04F79EFBC}") = "OnlineShop.HttpApiClient.Fake", "OnlineShop.HttpApiClient.Fake\OnlineShop.HttpApiClient.Fake.csproj", "{9673199F-F12A-4589-9181-EA1ECFC1EBC3}"
EndProject
Global
	GlobalSection(SolutionConfigurationPlatforms) = preSolution
		Debug|Any CPU = Debug|Any CPU
		Release|Any CPU = Release|Any CPU
	EndGlobalSection
	GlobalSection(ProjectConfigurationPlatforms) = postSolution
		{FE73CD43-F975-4BC6-AE64-856FDF7D44F5}.Debug|Any CPU.ActiveCfg = Debug|Any CPU
		{FE73CD43-F975-4BC6-AE64-856FDF7D44F5}.Debug|Any CPU.Build.0 = Debug|Any CPU
		{FE73CD43-F975-4BC6-AE64-856FDF7D44F5}.Release|Any CPU.ActiveCfg = Release|Any CPU
		{FE73CD43-F975-4BC6-AE64-856FDF7D44F5}.Release|Any CPU.Build.0 = Release|Any CPU
		{44A3CAE2-195A-4597-BD13-0177C0219653}.Debug|Any CPU.ActiveCfg = Debug|Any CPU
		{44A3CAE2-195A-4597-BD13-0177C0219653}.Debug|Any CPU.Build.0 = Debug|Any CPU
		{44A3CAE2-195A-4597-BD13-0177C0219653}.Release|Any CPU.ActiveCfg = Release|Any CPU
		{44A3CAE2-195A-4597-BD13-0177C0219653}.Release|Any CPU.Build.0 = Release|Any CPU
		{C7568547-7EFE-4AD0-A901-416248E6F3F9}.Debug|Any CPU.ActiveCfg = Debug|Any CPU
		{C7568547-7EFE-4AD0-A901-416248E6F3F9}.Debug|Any CPU.Build.0 = Debug|Any CPU
		{C7568547-7EFE-4AD0-A901-416248E6F3F9}.Release|Any CPU.ActiveCfg = Release|Any CPU
		{C7568547-7EFE-4AD0-A901-416248E6F3F9}.Release|Any CPU.Build.0 = Release|Any CPU
		{49FB2D3A-F4AB-4586-A53C-AE07C0C841D3}.Debug|Any CPU.ActiveCfg = Debug|Any CPU
		{49FB2D3A-F4AB-4586-A53C-AE07C0C841D3}.Debug|Any CPU.Build.0 = Debug|Any CPU
		{49FB2D3A-F4AB-4586-A53C-AE07C0C841D3}.Release|Any CPU.ActiveCfg = Release|Any CPU
		{49FB2D3A-F4AB-4586-A53C-AE07C0C841D3}.Release|Any CPU.Build.0 = Release|Any CPU
		{9673199F-F12A-4589-9181-EA1ECFC1EBC3}.Debug|Any CPU.ActiveCfg = Debug|Any CPU
		{9673199F-F12A-4589-9181-EA1ECFC1EBC3}.Debug|Any CPU.Build.0 = Debug|Any CPU
		{9673199F-F12A-4589-9181-EA1ECFC1EBC3}.Release|Any CPU.ActiveCfg = Release|Any CPU
		{9673199F-F12A-4589-9181-EA1ECFC1EBC3}.Release|Any CPU.Build.0 = Release|Any CPU
	EndGlobalSection
EndGlobal
